// !$*UTF8*$!
{
	archiveVersion = 1;
	classes = {
	};
	objectVersion = 50;
	objects = {

/* Begin PBXBuildFile section */
		EE2B14B5265838CB00CF55E4 /* AppDelegate.swift in Sources */ = {isa = PBXBuildFile; fileRef = EE2B14B4265838CB00CF55E4 /* AppDelegate.swift */; };
		EE2B14B7265838CB00CF55E4 /* SceneDelegate.swift in Sources */ = {isa = PBXBuildFile; fileRef = EE2B14B6265838CB00CF55E4 /* SceneDelegate.swift */; };
		EE2B14B9265838CB00CF55E4 /* ViewController.swift in Sources */ = {isa = PBXBuildFile; fileRef = EE2B14B8265838CB00CF55E4 /* ViewController.swift */; };
		EE2B14BC265838CB00CF55E4 /* Main.storyboard in Resources */ = {isa = PBXBuildFile; fileRef = EE2B14BA265838CB00CF55E4 /* Main.storyboard */; };
		EE2B14BE265838D700CF55E4 /* Assets.xcassets in Resources */ = {isa = PBXBuildFile; fileRef = EE2B14BD265838D700CF55E4 /* Assets.xcassets */; };
		EE2B14C1265838D700CF55E4 /* LaunchScreen.storyboard in Resources */ = {isa = PBXBuildFile; fileRef = EE2B14BF265838D700CF55E4 /* LaunchScreen.storyboard */; };
		EE2B14CC265838D700CF55E4 /* Flickr_GalleryTests.swift in Sources */ = {isa = PBXBuildFile; fileRef = EE2B14CB265838D700CF55E4 /* Flickr_GalleryTests.swift */; };
		EE2B14D7265838D700CF55E4 /* Flickr_GalleryUITests.swift in Sources */ = {isa = PBXBuildFile; fileRef = EE2B14D6265838D700CF55E4 /* Flickr_GalleryUITests.swift */; };
/* End PBXBuildFile section */

/* Begin PBXContainerItemProxy section */
		EE2B14C8265838D700CF55E4 /* PBXContainerItemProxy */ = {
			isa = PBXContainerItemProxy;
			containerPortal = EE2B14A9265838CB00CF55E4 /* Project object */;
			proxyType = 1;
			remoteGlobalIDString = EE2B14B0265838CB00CF55E4;
			remoteInfo = "Flickr-Gallery";
		};
		EE2B14D3265838D700CF55E4 /* PBXContainerItemProxy */ = {
			isa = PBXContainerItemProxy;
			containerPortal = EE2B14A9265838CB00CF55E4 /* Project object */;
			proxyType = 1;
			remoteGlobalIDString = EE2B14B0265838CB00CF55E4;
			remoteInfo = "Flickr-Gallery";
		};
/* End PBXContainerItemProxy section */

/* Begin PBXFileReference section */
		EE2B14B1265838CB00CF55E4 /* Flickr-Gallery.app */ = {isa = PBXFileReference; explicitFileType = wrapper.application; includeInIndex = 0; path = "Flickr-Gallery.app"; sourceTree = BUILT_PRODUCTS_DIR; };
		EE2B14B4265838CB00CF55E4 /* AppDelegate.swift */ = {isa = PBXFileReference; lastKnownFileType = sourcecode.swift; path = AppDelegate.swift; sourceTree = "<group>"; };
		EE2B14B6265838CB00CF55E4 /* SceneDelegate.swift */ = {isa = PBXFileReference; lastKnownFileType = sourcecode.swift; path = SceneDelegate.swift; sourceTree = "<group>"; };
		EE2B14B8265838CB00CF55E4 /* ViewController.swift */ = {isa = PBXFileReference; lastKnownFileType = sourcecode.swift; path = ViewController.swift; sourceTree = "<group>"; };
		EE2B14BB265838CB00CF55E4 /* Base */ = {isa = PBXFileReference; lastKnownFileType = file.storyboard; name = Base; path = Base.lproj/Main.storyboard; sourceTree = "<group>"; };
		EE2B14BD265838D700CF55E4 /* Assets.xcassets */ = {isa = PBXFileReference; lastKnownFileType = folder.assetcatalog; path = Assets.xcassets; sourceTree = "<group>"; };
		EE2B14C0265838D700CF55E4 /* Base */ = {isa = PBXFileReference; lastKnownFileType = file.storyboard; name = Base; path = Base.lproj/LaunchScreen.storyboard; sourceTree = "<group>"; };
		EE2B14C2265838D700CF55E4 /* Info.plist */ = {isa = PBXFileReference; lastKnownFileType = text.plist.xml; path = Info.plist; sourceTree = "<group>"; };
		EE2B14C7265838D700CF55E4 /* Flickr-GalleryTests.xctest */ = {isa = PBXFileReference; explicitFileType = wrapper.cfbundle; includeInIndex = 0; path = "Flickr-GalleryTests.xctest"; sourceTree = BUILT_PRODUCTS_DIR; };
		EE2B14CB265838D700CF55E4 /* Flickr_GalleryTests.swift */ = {isa = PBXFileReference; lastKnownFileType = sourcecode.swift; path = Flickr_GalleryTests.swift; sourceTree = "<group>"; };
		EE2B14CD265838D700CF55E4 /* Info.plist */ = {isa = PBXFileReference; lastKnownFileType = text.plist.xml; path = Info.plist; sourceTree = "<group>"; };
		EE2B14D2265838D700CF55E4 /* Flickr-GalleryUITests.xctest */ = {isa = PBXFileReference; explicitFileType = wrapper.cfbundle; includeInIndex = 0; path = "Flickr-GalleryUITests.xctest"; sourceTree = BUILT_PRODUCTS_DIR; };
		EE2B14D6265838D700CF55E4 /* Flickr_GalleryUITests.swift */ = {isa = PBXFileReference; lastKnownFileType = sourcecode.swift; path = Flickr_GalleryUITests.swift; sourceTree = "<group>"; };
		EE2B14D8265838D700CF55E4 /* Info.plist */ = {isa = PBXFileReference; lastKnownFileType = text.plist.xml; path = Info.plist; sourceTree = "<group>"; };
/* End PBXFileReference section */

/* Begin PBXFrameworksBuildPhase section */
		EE2B14AE265838CB00CF55E4 /* Frameworks */ = {
			isa = PBXFrameworksBuildPhase;
			buildActionMask = 2147483647;
			files = (
			);
			runOnlyForDeploymentPostprocessing = 0;
		};
		EE2B14C4265838D700CF55E4 /* Frameworks */ = {
			isa = PBXFrameworksBuildPhase;
			buildActionMask = 2147483647;
			files = (
			);
			runOnlyForDeploymentPostprocessing = 0;
		};
		EE2B14CF265838D700CF55E4 /* Frameworks */ = {
			isa = PBXFrameworksBuildPhase;
			buildActionMask = 2147483647;
			files = (
			);
			runOnlyForDeploymentPostprocessing = 0;
		};
/* End PBXFrameworksBuildPhase section */

/* Begin PBXGroup section */
		EE2B14A8265838CB00CF55E4 = {
			isa = PBXGroup;
			children = (
				EE2B14B3265838CB00CF55E4 /* Flickr-Gallery */,
				EE2B14CA265838D700CF55E4 /* Flickr-GalleryTests */,
				EE2B14D5265838D700CF55E4 /* Flickr-GalleryUITests */,
				EE2B14B2265838CB00CF55E4 /* Products */,
			);
			sourceTree = "<group>";
		};
		EE2B14B2265838CB00CF55E4 /* Products */ = {
			isa = PBXGroup;
			children = (
				EE2B14B1265838CB00CF55E4 /* Flickr-Gallery.app */,
				EE2B14C7265838D700CF55E4 /* Flickr-GalleryTests.xctest */,
				EE2B14D2265838D700CF55E4 /* Flickr-GalleryUITests.xctest */,
			);
			name = Products;
			sourceTree = "<group>";
		};
		EE2B14B3265838CB00CF55E4 /* Flickr-Gallery */ = {
			isa = PBXGroup;
			children = (
				EE2B14B4265838CB00CF55E4 /* AppDelegate.swift */,
				EE2B14B6265838CB00CF55E4 /* SceneDelegate.swift */,
				EE2B14B8265838CB00CF55E4 /* ViewController.swift */,
				EE2B14BA265838CB00CF55E4 /* Main.storyboard */,
				EE2B14BD265838D700CF55E4 /* Assets.xcassets */,
				EE2B14BF265838D700CF55E4 /* LaunchScreen.storyboard */,
				EE2B14C2265838D700CF55E4 /* Info.plist */,
			);
			path = "Flickr-Gallery";
			sourceTree = "<group>";
		};
		EE2B14CA265838D700CF55E4 /* Flickr-GalleryTests */ = {
			isa = PBXGroup;
			children = (
				EE2B14CB265838D700CF55E4 /* Flickr_GalleryTests.swift */,
				EE2B14CD265838D700CF55E4 /* Info.plist */,
			);
			path = "Flickr-GalleryTests";
			sourceTree = "<group>";
		};
		EE2B14D5265838D700CF55E4 /* Flickr-GalleryUITests */ = {
			isa = PBXGroup;
			children = (
				EE2B14D6265838D700CF55E4 /* Flickr_GalleryUITests.swift */,
				EE2B14D8265838D700CF55E4 /* Info.plist */,
			);
			path = "Flickr-GalleryUITests";
			sourceTree = "<group>";
		};
/* End PBXGroup section */

/* Begin PBXNativeTarget section */
		EE2B14B0265838CB00CF55E4 /* Flickr-Gallery */ = {
			isa = PBXNativeTarget;
			buildConfigurationList = EE2B14DB265838D700CF55E4 /* Build configuration list for PBXNativeTarget "Flickr-Gallery" */;
			buildPhases = (
				EE2B14AD265838CB00CF55E4 /* Sources */,
				EE2B14AE265838CB00CF55E4 /* Frameworks */,
				EE2B14AF265838CB00CF55E4 /* Resources */,
			);
			buildRules = (
			);
			dependencies = (
			);
			name = "Flickr-Gallery";
			productName = "Flickr-Gallery";
			productReference = EE2B14B1265838CB00CF55E4 /* Flickr-Gallery.app */;
			productType = "com.apple.product-type.application";
		};
		EE2B14C6265838D700CF55E4 /* Flickr-GalleryTests */ = {
			isa = PBXNativeTarget;
			buildConfigurationList = EE2B14DE265838D700CF55E4 /* Build configuration list for PBXNativeTarget "Flickr-GalleryTests" */;
			buildPhases = (
				EE2B14C3265838D700CF55E4 /* Sources */,
				EE2B14C4265838D700CF55E4 /* Frameworks */,
				EE2B14C5265838D700CF55E4 /* Resources */,
			);
			buildRules = (
			);
			dependencies = (
				EE2B14C9265838D700CF55E4 /* PBXTargetDependency */,
			);
			name = "Flickr-GalleryTests";
			productName = "Flickr-GalleryTests";
			productReference = EE2B14C7265838D700CF55E4 /* Flickr-GalleryTests.xctest */;
			productType = "com.apple.product-type.bundle.unit-test";
		};
		EE2B14D1265838D700CF55E4 /* Flickr-GalleryUITests */ = {
			isa = PBXNativeTarget;
			buildConfigurationList = EE2B14E1265838D700CF55E4 /* Build configuration list for PBXNativeTarget "Flickr-GalleryUITests" */;
			buildPhases = (
				EE2B14CE265838D700CF55E4 /* Sources */,
				EE2B14CF265838D700CF55E4 /* Frameworks */,
				EE2B14D0265838D700CF55E4 /* Resources */,
			);
			buildRules = (
			);
			dependencies = (
				EE2B14D4265838D700CF55E4 /* PBXTargetDependency */,
			);
			name = "Flickr-GalleryUITests";
			productName = "Flickr-GalleryUITests";
			productReference = EE2B14D2265838D700CF55E4 /* Flickr-GalleryUITests.xctest */;
			productType = "com.apple.product-type.bundle.ui-testing";
		};
/* End PBXNativeTarget section */

/* Begin PBXProject section */
		EE2B14A9265838CB00CF55E4 /* Project object */ = {
			isa = PBXProject;
			attributes = {
				LastSwiftUpdateCheck = 1230;
				LastUpgradeCheck = 1230;
				TargetAttributes = {
					EE2B14B0265838CB00CF55E4 = {
						CreatedOnToolsVersion = 12.3;
					};
					EE2B14C6265838D700CF55E4 = {
						CreatedOnToolsVersion = 12.3;
						TestTargetID = EE2B14B0265838CB00CF55E4;
					};
					EE2B14D1265838D700CF55E4 = {
						CreatedOnToolsVersion = 12.3;
						TestTargetID = EE2B14B0265838CB00CF55E4;
					};
				};
			};
			buildConfigurationList = EE2B14AC265838CB00CF55E4 /* Build configuration list for PBXProject "Flickr-Gallery" */;
			compatibilityVersion = "Xcode 9.3";
			developmentRegion = en;
			hasScannedForEncodings = 0;
			knownRegions = (
				en,
				Base,
			);
			mainGroup = EE2B14A8265838CB00CF55E4;
			productRefGroup = EE2B14B2265838CB00CF55E4 /* Products */;
			projectDirPath = "";
			projectRoot = "";
			targets = (
				EE2B14B0265838CB00CF55E4 /* Flickr-Gallery */,
				EE2B14C6265838D700CF55E4 /* Flickr-GalleryTests */,
				EE2B14D1265838D700CF55E4 /* Flickr-GalleryUITests */,
			);
		};
/* End PBXProject section */

/* Begin PBXResourcesBuildPhase section */
		EE2B14AF265838CB00CF55E4 /* Resources */ = {
			isa = PBXResourcesBuildPhase;
			buildActionMask = 2147483647;
			files = (
				EE2B14C1265838D700CF55E4 /* LaunchScreen.storyboard in Resources */,
				EE2B14BE265838D700CF55E4 /* Assets.xcassets in Resources */,
				EE2B14BC265838CB00CF55E4 /* Main.storyboard in Resources */,
			);
			runOnlyForDeploymentPostprocessing = 0;
		};
		EE2B14C5265838D700CF55E4 /* Resources */ = {
			isa = PBXResourcesBuildPhase;
			buildActionMask = 2147483647;
			files = (
			);
			runOnlyForDeploymentPostprocessing = 0;
		};
		EE2B14D0265838D700CF55E4 /* Resources */ = {
			isa = PBXResourcesBuildPhase;
			buildActionMask = 2147483647;
			files = (
			);
			runOnlyForDeploymentPostprocessing = 0;
		};
/* End PBXResourcesBuildPhase section */

/* Begin PBXSourcesBuildPhase section */
		EE2B14AD265838CB00CF55E4 /* Sources */ = {
			isa = PBXSourcesBuildPhase;
			buildActionMask = 2147483647;
			files = (
				EE2B14B9265838CB00CF55E4 /* ViewController.swift in Sources */,
				EE2B14B5265838CB00CF55E4 /* AppDelegate.swift in Sources */,
				EE2B14B7265838CB00CF55E4 /* SceneDelegate.swift in Sources */,
			);
			runOnlyForDeploymentPostprocessing = 0;
		};
		EE2B14C3265838D700CF55E4 /* Sources */ = {
			isa = PBXSourcesBuildPhase;
			buildActionMask = 2147483647;
			files = (
				EE2B14CC265838D700CF55E4 /* Flickr_GalleryTests.swift in Sources */,
			);
			runOnlyForDeploymentPostprocessing = 0;
		};
		EE2B14CE265838D700CF55E4 /* Sources */ = {
			isa = PBXSourcesBuildPhase;
			buildActionMask = 2147483647;
			files = (
				EE2B14D7265838D700CF55E4 /* Flickr_GalleryUITests.swift in Sources */,
			);
			runOnlyForDeploymentPostprocessing = 0;
		};
/* End PBXSourcesBuildPhase section */

/* Begin PBXTargetDependency section */
		EE2B14C9265838D700CF55E4 /* PBXTargetDependency */ = {
			isa = PBXTargetDependency;
			target = EE2B14B0265838CB00CF55E4 /* Flickr-Gallery */;
			targetProxy = EE2B14C8265838D700CF55E4 /* PBXContainerItemProxy */;
		};
		EE2B14D4265838D700CF55E4 /* PBXTargetDependency */ = {
			isa = PBXTargetDependency;
			target = EE2B14B0265838CB00CF55E4 /* Flickr-Gallery */;
			targetProxy = EE2B14D3265838D700CF55E4 /* PBXContainerItemProxy */;
		};
/* End PBXTargetDependency section */

/* Begin PBXVariantGroup section */
		EE2B14BA265838CB00CF55E4 /* Main.storyboard */ = {
			isa = PBXVariantGroup;
			children = (
				EE2B14BB265838CB00CF55E4 /* Base */,
			);
			name = Main.storyboard;
			sourceTree = "<group>";
		};
		EE2B14BF265838D700CF55E4 /* LaunchScreen.storyboard */ = {
			isa = PBXVariantGroup;
			children = (
				EE2B14C0265838D700CF55E4 /* Base */,
			);
			name = LaunchScreen.storyboard;
			sourceTree = "<group>";
		};
/* End PBXVariantGroup section */

/* Begin XCBuildConfiguration section */
		EE2B14D9265838D700CF55E4 /* Debug */ = {
			isa = XCBuildConfiguration;
			buildSettings = {
				ALWAYS_SEARCH_USER_PATHS = NO;
				CLANG_ANALYZER_NONNULL = YES;
				CLANG_ANALYZER_NUMBER_OBJECT_CONVERSION = YES_AGGRESSIVE;
				CLANG_CXX_LANGUAGE_STANDARD = "gnu++14";
				CLANG_CXX_LIBRARY = "libc++";
				CLANG_ENABLE_MODULES = YES;
				CLANG_ENABLE_OBJC_ARC = YES;
				CLANG_ENABLE_OBJC_WEAK = YES;
				CLANG_WARN_BLOCK_CAPTURE_AUTORELEASING = YES;
				CLANG_WARN_BOOL_CONVERSION = YES;
				CLANG_WARN_COMMA = YES;
				CLANG_WARN_CONSTANT_CONVERSION = YES;
				CLANG_WARN_DEPRECATED_OBJC_IMPLEMENTATIONS = YES;
				CLANG_WARN_DIRECT_OBJC_ISA_USAGE = YES_ERROR;
				CLANG_WARN_DOCUMENTATION_COMMENTS = YES;
				CLANG_WARN_EMPTY_BODY = YES;
				CLANG_WARN_ENUM_CONVERSION = YES;
				CLANG_WARN_INFINITE_RECURSION = YES;
				CLANG_WARN_INT_CONVERSION = YES;
				CLANG_WARN_NON_LITERAL_NULL_CONVERSION = YES;
				CLANG_WARN_OBJC_IMPLICIT_RETAIN_SELF = YES;
				CLANG_WARN_OBJC_LITERAL_CONVERSION = YES;
				CLANG_WARN_OBJC_ROOT_CLASS = YES_ERROR;
				CLANG_WARN_QUOTED_INCLUDE_IN_FRAMEWORK_HEADER = YES;
				CLANG_WARN_RANGE_LOOP_ANALYSIS = YES;
				CLANG_WARN_STRICT_PROTOTYPES = YES;
				CLANG_WARN_SUSPICIOUS_MOVE = YES;
				CLANG_WARN_UNGUARDED_AVAILABILITY = YES_AGGRESSIVE;
				CLANG_WARN_UNREACHABLE_CODE = YES;
				CLANG_WARN__DUPLICATE_METHOD_MATCH = YES;
				COPY_PHASE_STRIP = NO;
				DEBUG_INFORMATION_FORMAT = dwarf;
				ENABLE_STRICT_OBJC_MSGSEND = YES;
				ENABLE_TESTABILITY = YES;
				GCC_C_LANGUAGE_STANDARD = gnu11;
				GCC_DYNAMIC_NO_PIC = NO;
				GCC_NO_COMMON_BLOCKS = YES;
				GCC_OPTIMIZATION_LEVEL = 0;
				GCC_PREPROCESSOR_DEFINITIONS = (
					"DEBUG=1",
					"$(inherited)",
				);
				GCC_WARN_64_TO_32_BIT_CONVERSION = YES;
				GCC_WARN_ABOUT_RETURN_TYPE = YES_ERROR;
				GCC_WARN_UNDECLARED_SELECTOR = YES;
				GCC_WARN_UNINITIALIZED_AUTOS = YES_AGGRESSIVE;
				GCC_WARN_UNUSED_FUNCTION = YES;
				GCC_WARN_UNUSED_VARIABLE = YES;
				IPHONEOS_DEPLOYMENT_TARGET = 14.3;
				MTL_ENABLE_DEBUG_INFO = INCLUDE_SOURCE;
				MTL_FAST_MATH = YES;
				ONLY_ACTIVE_ARCH = YES;
				SDKROOT = iphoneos;
				SWIFT_ACTIVE_COMPILATION_CONDITIONS = DEBUG;
				SWIFT_OPTIMIZATION_LEVEL = "-Onone";
			};
			name = Debug;
		};
		EE2B14DA265838D700CF55E4 /* Release */ = {
			isa = XCBuildConfiguration;
			buildSettings = {
				ALWAYS_SEARCH_USER_PATHS = NO;
				CLANG_ANALYZER_NONNULL = YES;
				CLANG_ANALYZER_NUMBER_OBJECT_CONVERSION = YES_AGGRESSIVE;
				CLANG_CXX_LANGUAGE_STANDARD = "gnu++14";
				CLANG_CXX_LIBRARY = "libc++";
				CLANG_ENABLE_MODULES = YES;
				CLANG_ENABLE_OBJC_ARC = YES;
				CLANG_ENABLE_OBJC_WEAK = YES;
				CLANG_WARN_BLOCK_CAPTURE_AUTORELEASING = YES;
				CLANG_WARN_BOOL_CONVERSION = YES;
				CLANG_WARN_COMMA = YES;
				CLANG_WARN_CONSTANT_CONVERSION = YES;
				CLANG_WARN_DEPRECATED_OBJC_IMPLEMENTATIONS = YES;
				CLANG_WARN_DIRECT_OBJC_ISA_USAGE = YES_ERROR;
				CLANG_WARN_DOCUMENTATION_COMMENTS = YES;
				CLANG_WARN_EMPTY_BODY = YES;
				CLANG_WARN_ENUM_CONVERSION = YES;
				CLANG_WARN_INFINITE_RECURSION = YES;
				CLANG_WARN_INT_CONVERSION = YES;
				CLANG_WARN_NON_LITERAL_NULL_CONVERSION = YES;
				CLANG_WARN_OBJC_IMPLICIT_RETAIN_SELF = YES;
				CLANG_WARN_OBJC_LITERAL_CONVERSION = YES;
				CLANG_WARN_OBJC_ROOT_CLASS = YES_ERROR;
				CLANG_WARN_QUOTED_INCLUDE_IN_FRAMEWORK_HEADER = YES;
				CLANG_WARN_RANGE_LOOP_ANALYSIS = YES;
				CLANG_WARN_STRICT_PROTOTYPES = YES;
				CLANG_WARN_SUSPICIOUS_MOVE = YES;
				CLANG_WARN_UNGUARDED_AVAILABILITY = YES_AGGRESSIVE;
				CLANG_WARN_UNREACHABLE_CODE = YES;
				CLANG_WARN__DUPLICATE_METHOD_MATCH = YES;
				COPY_PHASE_STRIP = NO;
				DEBUG_INFORMATION_FORMAT = "dwarf-with-dsym";
				ENABLE_NS_ASSERTIONS = NO;
				ENABLE_STRICT_OBJC_MSGSEND = YES;
				GCC_C_LANGUAGE_STANDARD = gnu11;
				GCC_NO_COMMON_BLOCKS = YES;
				GCC_WARN_64_TO_32_BIT_CONVERSION = YES;
				GCC_WARN_ABOUT_RETURN_TYPE = YES_ERROR;
				GCC_WARN_UNDECLARED_SELECTOR = YES;
				GCC_WARN_UNINITIALIZED_AUTOS = YES_AGGRESSIVE;
				GCC_WARN_UNUSED_FUNCTION = YES;
				GCC_WARN_UNUSED_VARIABLE = YES;
				IPHONEOS_DEPLOYMENT_TARGET = 14.3;
				MTL_ENABLE_DEBUG_INFO = NO;
				MTL_FAST_MATH = YES;
				SDKROOT = iphoneos;
				SWIFT_COMPILATION_MODE = wholemodule;
				SWIFT_OPTIMIZATION_LEVEL = "-O";
				VALIDATE_PRODUCT = YES;
			};
			name = Release;
		};
		EE2B14DC265838D700CF55E4 /* Debug */ = {
			isa = XCBuildConfiguration;
			buildSettings = {
				ASSETCATALOG_COMPILER_APPICON_NAME = AppIcon;
				ASSETCATALOG_COMPILER_GLOBAL_ACCENT_COLOR_NAME = AccentColor;
				CODE_SIGN_STYLE = Automatic;
				DEVELOPMENT_TEAM = V737R9TSYP;
				INFOPLIST_FILE = "Flickr-Gallery/Info.plist";
				LD_RUNPATH_SEARCH_PATHS = (
					"$(inherited)",
					"@executable_path/Frameworks",
				);
				PRODUCT_BUNDLE_IDENTIFIER = "com.shobhit.deserve.Flickr-Gallery";
				PRODUCT_NAME = "$(TARGET_NAME)";
				SWIFT_VERSION = 5.0;
				TARGETED_DEVICE_FAMILY = "1,2";
			};
			name = Debug;
		};
		EE2B14DD265838D700CF55E4 /* Release */ = {
			isa = XCBuildConfiguration;
			buildSettings = {
				ASSETCATALOG_COMPILER_APPICON_NAME = AppIcon;
				ASSETCATALOG_COMPILER_GLOBAL_ACCENT_COLOR_NAME = AccentColor;
				CODE_SIGN_STYLE = Automatic;
				DEVELOPMENT_TEAM = V737R9TSYP;
				INFOPLIST_FILE = "Flickr-Gallery/Info.plist";
				LD_RUNPATH_SEARCH_PATHS = (
					"$(inherited)",
					"@executable_path/Frameworks",
				);
				PRODUCT_BUNDLE_IDENTIFIER = "com.shobhit.deserve.Flickr-Gallery";
				PRODUCT_NAME = "$(TARGET_NAME)";
				SWIFT_VERSION = 5.0;
				TARGETED_DEVICE_FAMILY = "1,2";
			};
			name = Release;
		};
		EE2B14DF265838D700CF55E4 /* Debug */ = {
			isa = XCBuildConfiguration;
			buildSettings = {
				ALWAYS_EMBED_SWIFT_STANDARD_LIBRARIES = YES;
				BUNDLE_LOADER = "$(TEST_HOST)";
				CODE_SIGN_STYLE = Automatic;
				DEVELOPMENT_TEAM = V737R9TSYP;
				INFOPLIST_FILE = "Flickr-GalleryTests/Info.plist";
				IPHONEOS_DEPLOYMENT_TARGET = 14.3;
				LD_RUNPATH_SEARCH_PATHS = (
					"$(inherited)",
					"@executable_path/Frameworks",
					"@loader_path/Frameworks",
				);
				PRODUCT_BUNDLE_IDENTIFIER = "com.shobhit.deserve.Flickr-GalleryTests";
				PRODUCT_NAME = "$(TARGET_NAME)";
				SWIFT_VERSION = 5.0;
				TARGETED_DEVICE_FAMILY = "1,2";
				TEST_HOST = "$(BUILT_PRODUCTS_DIR)/Flickr-Gallery.app/Flickr-Gallery";
			};
			name = Debug;
		};
		EE2B14E0265838D700CF55E4 /* Release */ = {
			isa = XCBuildConfiguration;
			buildSettings = {
				ALWAYS_EMBED_SWIFT_STANDARD_LIBRARIES = YES;
				BUNDLE_LOADER = "$(TEST_HOST)";
				CODE_SIGN_STYLE = Automatic;
				DEVELOPMENT_TEAM = V737R9TSYP;
				INFOPLIST_FILE = "Flickr-GalleryTests/Info.plist";
				IPHONEOS_DEPLOYMENT_TARGET = 14.3;
				LD_RUNPATH_SEARCH_PATHS = (
					"$(inherited)",
					"@executable_path/Frameworks",
					"@loader_path/Frameworks",
				);
				PRODUCT_BUNDLE_IDENTIFIER = "com.shobhit.deserve.Flickr-GalleryTests";
				PRODUCT_NAME = "$(TARGET_NAME)";
				SWIFT_VERSION = 5.0;
				TARGETED_DEVICE_FAMILY = "1,2";
				TEST_HOST = "$(BUILT_PRODUCTS_DIR)/Flickr-Gallery.app/Flickr-Gallery";
			};
			name = Release;
		};
		EE2B14E2265838D700CF55E4 /* Debug */ = {
			isa = XCBuildConfiguration;
			buildSettings = {
				ALWAYS_EMBED_SWIFT_STANDARD_LIBRARIES = YES;
				CODE_SIGN_STYLE = Automatic;
				DEVELOPMENT_TEAM = V737R9TSYP;
				INFOPLIST_FILE = "Flickr-GalleryUITests/Info.plist";
				LD_RUNPATH_SEARCH_PATHS = (
					"$(inherited)",
					"@executable_path/Frameworks",
					"@loader_path/Frameworks",
				);
				PRODUCT_BUNDLE_IDENTIFIER = "com.shobhit.deserve.Flickr-GalleryUITests";
				PRODUCT_NAME = "$(TARGET_NAME)";
				SWIFT_VERSION = 5.0;
				TARGETED_DEVICE_FAMILY = "1,2";
				TEST_TARGET_NAME = "Flickr-Gallery";
			};
			name = Debug;
		};
		EE2B14E3265838D700CF55E4 /* Release */ = {
			isa = XCBuildConfiguration;
			buildSettings = {
				ALWAYS_EMBED_SWIFT_STANDARD_LIBRARIES = YES;
				CODE_SIGN_STYLE = Automatic;
				DEVELOPMENT_TEAM = V737R9TSYP;
				INFOPLIST_FILE = "Flickr-GalleryUITests/Info.plist";
				LD_RUNPATH_SEARCH_PATHS = (
					"$(inherited)",
					"@executable_path/Frameworks",
					"@loader_path/Frameworks",
				);
				PRODUCT_BUNDLE_IDENTIFIER = "com.shobhit.deserve.Flickr-GalleryUITests";
				PRODUCT_NAME = "$(TARGET_NAME)";
				SWIFT_VERSION = 5.0;
				TARGETED_DEVICE_FAMILY = "1,2";
				TEST_TARGET_NAME = "Flickr-Gallery";
			};
			name = Release;
		};
/* End XCBuildConfiguration section */

/* Begin XCConfigurationList section */
		EE2B14AC265838CB00CF55E4 /* Build configuration list for PBXProject "Flickr-Gallery" */ = {
			isa = XCConfigurationList;
			buildConfigurations = (
				EE2B14D9265838D700CF55E4 /* Debug */,
				EE2B14DA265838D700CF55E4 /* Release */,
			);
			defaultConfigurationIsVisible = 0;
			defaultConfigurationName = Release;
		};
		EE2B14DB265838D700CF55E4 /* Build configuration list for PBXNativeTarget "Flickr-Gallery" */ = {
			isa = XCConfigurationList;
			buildConfigurations = (
				EE2B14DC265838D700CF55E4 /* Debug */,
				EE2B14DD265838D700CF55E4 /* Release */,
			);
			defaultConfigurationIsVisible = 0;
			defaultConfigurationName = Release;
		};
		EE2B14DE265838D700CF55E4 /* Build configuration list for PBXNativeTarget "Flickr-GalleryTests" */ = {
			isa = XCConfigurationList;
			buildConfigurations = (
				EE2B14DF265838D700CF55E4 /* Debug */,
				EE2B14E0265838D700CF55E4 /* Release */,
			);
			defaultConfigurationIsVisible = 0;
			defaultConfigurationName = Release;
		};
		EE2B14E1265838D700CF55E4 /* Build configuration list for PBXNativeTarget "Flickr-GalleryUITests" */ = {
			isa = XCConfigurationList;
			buildConfigurations = (
				EE2B14E2265838D700CF55E4 /* Debug */,
				EE2B14E3265838D700CF55E4 /* Release */,
			);
			defaultConfigurationIsVisible = 0;
			defaultConfigurationName = Release;
		};
/* End XCConfigurationList section */
	};
	rootObject = EE2B14A9265838CB00CF55E4 /* Project object */;
}
